
Microsoft Visual Studio Solution File, Format Version 12.00
# Visual Studio Version 17
VisualStudioVersion = 17.1.32210.238
MinimumVisualStudioVersion = 10.0.40219.1
Project("{FAE04EC0-301F-11D3-BF4B-00C04F79EFBC}") = "BethanysPieShop", "BethanysPieShop.csproj", "{9EC8CAB3-B24F-41C0-A5D6-7B6CC031D7C1}"
EndProject
Global
	GlobalSection(SolutionConfigurationPlatforms) = preSolution
		Debug|Any CPU = Debug|Any CPU
		Release|Any CPU = Release|Any CPU
	EndGlobalSection
	GlobalSection(ProjectConfigurationPlatforms) = postSolution
		{9EC8CAB3-B24F-41C0-A5D6-7B6CC031D7C1}.Debug|Any CPU.ActiveCfg = Debug|Any CPU
		{9EC8CAB3-B24F-41C0-A5D6-7B6CC031D7C1}.Debug|Any CPU.Build.0 = Debug|Any CPU
		{9EC8CAB3-B24F-41C0-A5D6-7B6CC031D7C1}.Release|Any CPU.ActiveCfg = Release|Any CPU
		{9EC8CAB3-B24F-41C0-A5D6-7B6CC031D7C1}.Release|Any CPU.Build.0 = Release|Any CPU
	EndGlobalSection
	GlobalSection(SolutionProperties) = preSolution
		HideSolutionNode = FALSE
	EndGlobalSection
	GlobalSection(ExtensibilityGlobals) = postSolution
		SolutionGuid = {5572B644-D816-4B96-A720-3B344DB22E0B}
	EndGlobalSection
EndGlobal
